
Microsoft Visual Studio Solution File, Format Version 12.00
# Visual Studio 15
VisualStudioVersion = 15.0.28307.960
MinimumVisualStudioVersion = 10.0.40219.1
Project("{FAE04EC0-301F-11D3-BF4B-00C04F79EFBC}") = "ArrangeAirQualityData", "ArrangeAirQualityData\ArrangeAirQualityData.csproj", "{B8148C49-4697-41FB-BF07-C418A4A372CB}"
EndProject
Global
	GlobalSection(SolutionConfigurationPlatforms) = preSolution
		Debug|Any CPU = Debug|Any CPU
		Release|Any CPU = Release|Any CPU
	EndGlobalSection
	GlobalSection(ProjectConfigurationPlatforms) = postSolution
		{B8148C49-4697-41FB-BF07-C418A4A372CB}.Debug|Any CPU.ActiveCfg = Debug|Any CPU
		{B8148C49-4697-41FB-BF07-C418A4A372CB}.Debug|Any CPU.Build.0 = Debug|Any CPU
		{B8148C49-4697-41FB-BF07-C418A4A372CB}.Release|Any CPU.ActiveCfg = Release|Any CPU
		{B8148C49-4697-41FB-BF07-C418A4A372CB}.Release|Any CPU.Build.0 = Release|Any CPU
	EndGlobalSection
	GlobalSection(SolutionProperties) = preSolution
		HideSolutionNode = FALSE
	EndGlobalSection
	GlobalSection(ExtensibilityGlobals) = postSolution
		SolutionGuid = {99807085-F5C6-49CF-96DC-33AD27AAA3EF}
	EndGlobalSection
EndGlobal
